// !$*UTF8*$!
{
	archiveVersion = 1;
	classes = {
	};
	objectVersion = 46;
	objects = {

/* Begin PBXBuildFile section */
		E763662916E5E95900AD00FF /* UIKit.framework in Frameworks */ = {isa = PBXBuildFile; fileRef = E763662816E5E95900AD00FF /* UIKit.framework */; };
		E763662B16E5E95900AD00FF /* Foundation.framework in Frameworks */ = {isa = PBXBuildFile; fileRef = E763662A16E5E95900AD00FF /* Foundation.framework */; };
		E763662D16E5E95900AD00FF /* CoreGraphics.framework in Frameworks */ = {isa = PBXBuildFile; fileRef = E763662C16E5E95900AD00FF /* CoreGraphics.framework */; };
		E763662F16E5E95900AD00FF /* CoreData.framework in Frameworks */ = {isa = PBXBuildFile; fileRef = E763662E16E5E95900AD00FF /* CoreData.framework */; };
		E763663516E5E95900AD00FF /* InfoPlist.strings in Resources */ = {isa = PBXBuildFile; fileRef = E763663316E5E95900AD00FF /* InfoPlist.strings */; };
		E763663716E5E95900AD00FF /* main.m in Sources */ = {isa = PBXBuildFile; fileRef = E763663616E5E95900AD00FF /* main.m */; };
		E763663B16E5E95900AD00FF /* AppDelegate.m in Sources */ = {isa = PBXBuildFile; fileRef = E763663A16E5E95900AD00FF /* AppDelegate.m */; };
		E763663D16E5E95900AD00FF /* Default.png in Resources */ = {isa = PBXBuildFile; fileRef = E763663C16E5E95900AD00FF /* Default.png */; };
		E763663F16E5E95900AD00FF /* Default@2x.png in Resources */ = {isa = PBXBuildFile; fileRef = E763663E16E5E95900AD00FF /* Default@2x.png */; };
		E763664116E5E95900AD00FF /* Default-568h@2x.png in Resources */ = {isa = PBXBuildFile; fileRef = E763664016E5E95900AD00FF /* Default-568h@2x.png */; };
		E763664416E5E95900AD00FF /* CustomSplitView.xcdatamodeld in Sources */ = {isa = PBXBuildFile; fileRef = E763664216E5E95900AD00FF /* CustomSplitView.xcdatamodeld */; };
/* End PBXBuildFile section */

/* Begin PBXFileReference section */
		E763662516E5E95900AD00FF /* CustomSplitView.app */ = {isa = PBXFileReference; explicitFileType = wrapper.application; includeInIndex = 0; path = CustomSplitView.app; sourceTree = BUILT_PRODUCTS_DIR; };
		E763662816E5E95900AD00FF /* UIKit.framework */ = {isa = PBXFileReference; lastKnownFileType = wrapper.framework; name = UIKit.framework; path = System/Library/Frameworks/UIKit.framework; sourceTree = SDKROOT; };
		E763662A16E5E95900AD00FF /* Foundation.framework */ = {isa = PBXFileReference; lastKnownFileType = wrapper.framework; name = Foundation.framework; path = System/Library/Frameworks/Foundation.framework; sourceTree = SDKROOT; };
		E763662C16E5E95900AD00FF /* CoreGraphics.framework */ = {isa = PBXFileReference; lastKnownFileType = wrapper.framework; name = CoreGraphics.framework; path = System/Library/Frameworks/CoreGraphics.framework; sourceTree = SDKROOT; };
		E763662E16E5E95900AD00FF /* CoreData.framework */ = {isa = PBXFileReference; lastKnownFileType = wrapper.framework; name = CoreData.framework; path = System/Library/Frameworks/CoreData.framework; sourceTree = SDKROOT; };
		E763663216E5E95900AD00FF /* CustomSplitView-Info.plist */ = {isa = PBXFileReference; lastKnownFileType = text.plist.xml; path = "CustomSplitView-Info.plist"; sourceTree = "<group>"; };
		E763663416E5E95900AD00FF /* en */ = {isa = PBXFileReference; lastKnownFileType = text.plist.strings; name = en; path = en.lproj/InfoPlist.strings; sourceTree = "<group>"; };
		E763663616E5E95900AD00FF /* main.m */ = {isa = PBXFileReference; lastKnownFileType = sourcecode.c.objc; path = main.m; sourceTree = "<group>"; };
		E763663816E5E95900AD00FF /* CustomSplitView-Prefix.pch */ = {isa = PBXFileReference; lastKnownFileType = sourcecode.c.h; path = "CustomSplitView-Prefix.pch"; sourceTree = "<group>"; };
		E763663916E5E95900AD00FF /* AppDelegate.h */ = {isa = PBXFileReference; lastKnownFileType = sourcecode.c.h; path = AppDelegate.h; sourceTree = "<group>"; };
		E763663A16E5E95900AD00FF /* AppDelegate.m */ = {isa = PBXFileReference; lastKnownFileType = sourcecode.c.objc; path = AppDelegate.m; sourceTree = "<group>"; };
		E763663C16E5E95900AD00FF /* Default.png */ = {isa = PBXFileReference; lastKnownFileType = image.png; path = Default.png; sourceTree = "<group>"; };
		E763663E16E5E95900AD00FF /* Default@2x.png */ = {isa = PBXFileReference; lastKnownFileType = image.png; path = "Default@2x.png"; sourceTree = "<group>"; };
		E763664016E5E95900AD00FF /* Default-568h@2x.png */ = {isa = PBXFileReference; lastKnownFileType = image.png; path = "Default-568h@2x.png"; sourceTree = "<group>"; };
		E763664316E5E95900AD00FF /* CustomSplitView.xcdatamodel */ = {isa = PBXFileReference; lastKnownFileType = wrapper.xcdatamodel; path = CustomSplitView.xcdatamodel; sourceTree = "<group>"; };
/* End PBXFileReference section */

/* Begin PBXFrameworksBuildPhase section */
		E763662216E5E95900AD00FF /* Frameworks */ = {
			isa = PBXFrameworksBuildPhase;
			buildActionMask = 2147483647;
			files = (
				E763662916E5E95900AD00FF /* UIKit.framework in Frameworks */,
				E763662B16E5E95900AD00FF /* Foundation.framework in Frameworks */,
				E763662D16E5E95900AD00FF /* CoreGraphics.framework in Frameworks */,
				E763662F16E5E95900AD00FF /* CoreData.framework in Frameworks */,
			);
			runOnlyForDeploymentPostprocessing = 0;
		};
/* End PBXFrameworksBuildPhase section */

/* Begin PBXGroup section */
		E763661C16E5E95900AD00FF = {
			isa = PBXGroup;
			children = (
				E763663016E5E95900AD00FF /* CustomSplitView */,
				E763662716E5E95900AD00FF /* Frameworks */,
				E763662616E5E95900AD00FF /* Products */,
			);
			sourceTree = "<group>";
		};
		E763662616E5E95900AD00FF /* Products */ = {
			isa = PBXGroup;
			children = (
				E763662516E5E95900AD00FF /* CustomSplitView.app */,
			);
			name = Products;
			sourceTree = "<group>";
		};
		E763662716E5E95900AD00FF /* Frameworks */ = {
			isa = PBXGroup;
			children = (
				E763662816E5E95900AD00FF /* UIKit.framework */,
				E763662A16E5E95900AD00FF /* Foundation.framework */,
				E763662C16E5E95900AD00FF /* CoreGraphics.framework */,
				E763662E16E5E95900AD00FF /* CoreData.framework */,
			);
			name = Frameworks;
			sourceTree = "<group>";
		};
		E763663016E5E95900AD00FF /* CustomSplitView */ = {
			isa = PBXGroup;
			children = (
				E763663916E5E95900AD00FF /* AppDelegate.h */,
				E763663A16E5E95900AD00FF /* AppDelegate.m */,
				E763664216E5E95900AD00FF /* CustomSplitView.xcdatamodeld */,
				E763663116E5E95900AD00FF /* Supporting Files */,
			);
			path = CustomSplitView;
			sourceTree = "<group>";
		};
		E763663116E5E95900AD00FF /* Supporting Files */ = {
			isa = PBXGroup;
			children = (
				E763663216E5E95900AD00FF /* CustomSplitView-Info.plist */,
				E763663316E5E95900AD00FF /* InfoPlist.strings */,
				E763663616E5E95900AD00FF /* main.m */,
				E763663816E5E95900AD00FF /* CustomSplitView-Prefix.pch */,
				E763663C16E5E95900AD00FF /* Default.png */,
				E763663E16E5E95900AD00FF /* Default@2x.png */,
				E763664016E5E95900AD00FF /* Default-568h@2x.png */,
			);
			name = "Supporting Files";
			sourceTree = "<group>";
		};
/* End PBXGroup section */

/* Begin PBXNativeTarget section */
		E763662416E5E95900AD00FF /* CustomSplitView */ = {
			isa = PBXNativeTarget;
			buildConfigurationList = E763664716E5E95900AD00FF /* Build configuration list for PBXNativeTarget "CustomSplitView" */;
			buildPhases = (
				E763662116E5E95900AD00FF /* Sources */,
				E763662216E5E95900AD00FF /* Frameworks */,
				E763662316E5E95900AD00FF /* Resources */,
			);
			buildRules = (
			);
			dependencies = (
			);
			name = CustomSplitView;
			productName = CustomSplitView;
			productReference = E763662516E5E95900AD00FF /* CustomSplitView.app */;
			productType = "com.apple.product-type.application";
		};
/* End PBXNativeTarget section */

/* Begin PBXProject section */
		E763661D16E5E95900AD00FF /* Project object */ = {
			isa = PBXProject;
			attributes = {
				LastUpgradeCheck = 0460;
				ORGANIZATIONNAME = com.movivation;
			};
			buildConfigurationList = E763662016E5E95900AD00FF /* Build configuration list for PBXProject "CustomSplitView" */;
			compatibilityVersion = "Xcode 3.2";
			developmentRegion = English;
			hasScannedForEncodings = 0;
			knownRegions = (
				en,
			);
			mainGroup = E763661C16E5E95900AD00FF;
			productRefGroup = E763662616E5E95900AD00FF /* Products */;
			projectDirPath = "";
			projectRoot = "";
			targets = (
				E763662416E5E95900AD00FF /* CustomSplitView */,
			);
		};
/* End PBXProject section */

/* Begin PBXResourcesBuildPhase section */
		E763662316E5E95900AD00FF /* Resources */ = {
			isa = PBXResourcesBuildPhase;
			buildActionMask = 2147483647;
			files = (
				E763663516E5E95900AD00FF /* InfoPlist.strings in Resources */,
				E763663D16E5E95900AD00FF /* Default.png in Resources */,
				E763663F16E5E95900AD00FF /* Default@2x.png in Resources */,
				E763664116E5E95900AD00FF /* Default-568h@2x.png in Resources */,
			);
			runOnlyForDeploymentPostprocessing = 0;
		};
/* End PBXResourcesBuildPhase section */

/* Begin PBXSourcesBuildPhase section */
		E763662116E5E95900AD00FF /* Sources */ = {
			isa = PBXSourcesBuildPhase;
			buildActionMask = 2147483647;
			files = (
				E763663716E5E95900AD00FF /* main.m in Sources */,
				E763663B16E5E95900AD00FF /* AppDelegate.m in Sources */,
				E763664416E5E95900AD00FF /* CustomSplitView.xcdatamodeld in Sources */,
			);
			runOnlyForDeploymentPostprocessing = 0;
		};
/* End PBXSourcesBuildPhase section */

/* Begin PBXVariantGroup section */
		E763663316E5E95900AD00FF /* InfoPlist.strings */ = {
			isa = PBXVariantGroup;
			children = (
				E763663416E5E95900AD00FF /* en */,
			);
			name = InfoPlist.strings;
			sourceTree = "<group>";
		};
/* End PBXVariantGroup section */

/* Begin XCBuildConfiguration section */
		E763664516E5E95900AD00FF /* Debug */ = {
			isa = XCBuildConfiguration;
			buildSettings = {
				ALWAYS_SEARCH_USER_PATHS = NO;
				CLANG_CXX_LANGUAGE_STANDARD = "gnu++0x";
				CLANG_CXX_LIBRARY = "libc++";
				CLANG_WARN_CONSTANT_CONVERSION = YES;
				CLANG_WARN_EMPTY_BODY = YES;
				CLANG_WARN_ENUM_CONVERSION = YES;
				CLANG_WARN_INT_CONVERSION = YES;
				CLANG_WARN__DUPLICATE_METHOD_MATCH = YES;
				"CODE_SIGN_IDENTITY[sdk=iphoneos*]" = "iPhone Developer";
				COPY_PHASE_STRIP = NO;
				GCC_C_LANGUAGE_STANDARD = gnu99;
				GCC_DYNAMIC_NO_PIC = NO;
				GCC_OPTIMIZATION_LEVEL = 0;
				GCC_PREPROCESSOR_DEFINITIONS = (
					"DEBUG=1",
					"$(inherited)",
				);
				GCC_SYMBOLS_PRIVATE_EXTERN = NO;
				GCC_WARN_ABOUT_RETURN_TYPE = YES;
				GCC_WARN_UNINITIALIZED_AUTOS = YES;
				GCC_WARN_UNUSED_VARIABLE = YES;
				IPHONEOS_DEPLOYMENT_TARGET = 6.1;
				ONLY_ACTIVE_ARCH = YES;
				SDKROOT = iphoneos;
				TARGETED_DEVICE_FAMILY = "1,2";
			};
			name = Debug;
		};
		E763664616E5E95900AD00FF /* Release */ = {
			isa = XCBuildConfiguration;
			buildSettings = {
				ALWAYS_SEARCH_USER_PATHS = NO;
				CLANG_CXX_LANGUAGE_STANDARD = "gnu++0x";
				CLANG_CXX_LIBRARY = "libc++";
				CLANG_WARN_CONSTANT_CONVERSION = YES;
				CLANG_WARN_EMPTY_BODY = YES;
				CLANG_WARN_ENUM_CONVERSION = YES;
				CLANG_WARN_INT_CONVERSION = YES;
				CLANG_WARN__DUPLICATE_METHOD_MATCH = YES;
				"CODE_SIGN_IDENTITY[sdk=iphoneos*]" = "iPhone Developer";
				COPY_PHASE_STRIP = YES;
				GCC_C_LANGUAGE_STANDARD = gnu99;
				GCC_WARN_ABOUT_RETURN_TYPE = YES;
				GCC_WARN_UNINITIALIZED_AUTOS = YES;
				GCC_WARN_UNUSED_VARIABLE = YES;
				IPHONEOS_DEPLOYMENT_TARGET = 6.1;
				OTHER_CFLAGS = "-DNS_BLOCK_ASSERTIONS=1";
				SDKROOT = iphoneos;
				TARGETED_DEVICE_FAMILY = "1,2";
				VALIDATE_PRODUCT = YES;
			};
			name = Release;
		};
		E763664816E5E95900AD00FF /* Debug */ = {
			isa = XCBuildConfiguration;
			buildSettings = {
				GCC_PRECOMPILE_PREFIX_HEADER = YES;
				GCC_PREFIX_HEADER = "CustomSplitView/CustomSplitView-Prefix.pch";
				INFOPLIST_FILE = "CustomSplitView/CustomSplitView-Info.plist";
				PRODUCT_NAME = "$(TARGET_NAME)";
				WRAPPER_EXTENSION = app;
			};
			name = Debug;
		};
		E763664916E5E95900AD00FF /* Release */ = {
			isa = XCBuildConfiguration;
			buildSettings = {
				GCC_PRECOMPILE_PREFIX_HEADER = YES;
				GCC_PREFIX_HEADER = "CustomSplitView/CustomSplitView-Prefix.pch";
				INFOPLIST_FILE = "CustomSplitView/CustomSplitView-Info.plist";
				PRODUCT_NAME = "$(TARGET_NAME)";
				WRAPPER_EXTENSION = app;
			};
			name = Release;
		};
/* End XCBuildConfiguration section */

/* Begin XCConfigurationList section */
		E763662016E5E95900AD00FF /* Build configuration list for PBXProject "CustomSplitView" */ = {
			isa = XCConfigurationList;
			buildConfigurations = (
				E763664516E5E95900AD00FF /* Debug */,
				E763664616E5E95900AD00FF /* Release */,
			);
			defaultConfigurationIsVisible = 0;
			defaultConfigurationName = Release;
		};
		E763664716E5E95900AD00FF /* Build configuration list for PBXNativeTarget "CustomSplitView" */ = {
			isa = XCConfigurationList;
			buildConfigurations = (
				E763664816E5E95900AD00FF /* Debug */,
				E763664916E5E95900AD00FF /* Release */,
			);
			defaultConfigurationIsVisible = 0;
		};
/* End XCConfigurationList section */

/* Begin XCVersionGroup section */
		E763664216E5E95900AD00FF /* CustomSplitView.xcdatamodeld */ = {
			isa = XCVersionGroup;
			children = (
				E763664316E5E95900AD00FF /* CustomSplitView.xcdatamodel */,
			);
			currentVersion = E763664316E5E95900AD00FF /* CustomSplitView.xcdatamodel */;
			path = CustomSplitView.xcdatamodeld;
			sourceTree = "<group>";
			versionGroupType = wrapper.xcdatamodel;
		};
/* End XCVersionGroup section */
	};
	rootObject = E763661D16E5E95900AD00FF /* Project object */;
}
